
Microsoft Visual Studio Solution File, Format Version 12.00
# Visual Studio Version 17
VisualStudioVersion = 17.3.32922.545
MinimumVisualStudioVersion = 10.0.40219.1
Project("{FAE04EC0-301F-11D3-BF4B-00C04F79EFBC}") = "StackCompositionTest", "StackCompositionTest\StackCompositionTest.csproj", "{37A71DD3-DCDE-46B4-A09D-FB3DC9FFCFE4}"
EndProject
Global
	GlobalSection(SolutionConfigurationPlatforms) = preSolution
		Debug|Any CPU = Debug|Any CPU
		Release|Any CPU = Release|Any CPU
	EndGlobalSection
	GlobalSection(ProjectConfigurationPlatforms) = postSolution
		{37A71DD3-DCDE-46B4-A09D-FB3DC9FFCFE4}.Debug|Any CPU.ActiveCfg = Debug|Any CPU
		{37A71DD3-DCDE-46B4-A09D-FB3DC9FFCFE4}.Debug|Any CPU.Build.0 = Debug|Any CPU
		{37A71DD3-DCDE-46B4-A09D-FB3DC9FFCFE4}.Release|Any CPU.ActiveCfg = Release|Any CPU
		{37A71DD3-DCDE-46B4-A09D-FB3DC9FFCFE4}.Release|Any CPU.Build.0 = Release|Any CPU
	EndGlobalSection
	GlobalSection(SolutionProperties) = preSolution
		HideSolutionNode = FALSE
	EndGlobalSection
	GlobalSection(ExtensibilityGlobals) = postSolution
		SolutionGuid = {14F90525-3410-4670-A799-E7FD9615670D}
	EndGlobalSection
EndGlobal
